
Microsoft Visual Studio Solution File, Format Version 12.00
# Visual Studio Version 17
VisualStudioVersion = 17.6.33723.286
MinimumVisualStudioVersion = 10.0.40219.1
Project("{FAE04EC0-301F-11D3-BF4B-00C04F79EFBC}") = "JuegosSteam", "JuegosSteam\JuegosSteam.csproj", "{590CEC81-A106-44B2-9B01-FB5B7E394162}"
EndProject
Global
	GlobalSection(SolutionConfigurationPlatforms) = preSolution
		Debug|Any CPU = Debug|Any CPU
		Release|Any CPU = Release|Any CPU
	EndGlobalSection
	GlobalSection(ProjectConfigurationPlatforms) = postSolution
		{590CEC81-A106-44B2-9B01-FB5B7E394162}.Debug|Any CPU.ActiveCfg = Debug|Any CPU
		{590CEC81-A106-44B2-9B01-FB5B7E394162}.Debug|Any CPU.Build.0 = Debug|Any CPU
		{590CEC81-A106-44B2-9B01-FB5B7E394162}.Release|Any CPU.ActiveCfg = Release|Any CPU
		{590CEC81-A106-44B2-9B01-FB5B7E394162}.Release|Any CPU.Build.0 = Release|Any CPU
	EndGlobalSection
	GlobalSection(SolutionProperties) = preSolution
		HideSolutionNode = FALSE
	EndGlobalSection
	GlobalSection(ExtensibilityGlobals) = postSolution
		SolutionGuid = {4319E30F-3601-4F9E-8BE5-6944717939A0}
	EndGlobalSection
EndGlobal
